github.com/codyoss/orgtype v0.0.0-20220627165707-4e284c38a4e2 h1:kEISk2Fg3zEfPHXUBHWEr5+E76XRKnBzP5CSqjAzlLg=
github.com/codyoss/orgtype v0.0.0-20220627165707-4e284c38a4e2/go.mod h1:z3wGzmzkqrxSqhDgF3Tu3x0wUhetZlIeZdR7mv5ANfI=
github.com/codyoss/orgtype v0.0.0-20220907202012-79ed8899f8d0 h1:A2DmQbTTD/XWYRF1ZYQM8LCgKdDhkQ0FIDcctaAVKfg=
github.com/codyoss/orgtype v0.0.0-20220907202012-79ed8899f8d0/go.mod h1:+vZP8jHcbFCBswd2UMsGVbuBa7ELYCVxK26lEzUpBnE=
