github.com/codyoss/orgtype v0.0.0-20220907202012-79ed8899f8d0 h1:A2DmQbTTD/XWYRF1ZYQM8LCgKdDhkQ0FIDcctaAVKfg=
github.com/codyoss/orgtype v0.0.0-20220907202012-79ed8899f8d0/go.mod h1:+vZP8jHcbFCBswd2UMsGVbuBa7ELYCVxK26lEzUpBnE=
github.com/codyoss/orgtype v0.0.0-20220907203508-3d4898d69802 h1:17SSjUvFPhq+vHFbs6neoOWlMl4uCkQKXSIzKQx8bIU=
github.com/codyoss/orgtype v0.0.0-20220907203508-3d4898d69802/go.mod h1:E2ywvreiZI+x7/IJYBsvtZLV39ZP6v69kWQyAzEV1L8=
