github.com/codyoss/orgtype v0.0.0-20220627163159-267df43e5d37 h1:NbCpKAa5Pe/5vfUd2weFXXu1wQtPPELG5/UMS0g16h8=
github.com/codyoss/orgtype v0.0.0-20220627163159-267df43e5d37/go.mod h1:+vZP8jHcbFCBswd2UMsGVbuBa7ELYCVxK26lEzUpBnE=
github.com/codyoss/orgtype v0.0.0-20220627165707-4e284c38a4e2 h1:kEISk2Fg3zEfPHXUBHWEr5+E76XRKnBzP5CSqjAzlLg=
github.com/codyoss/orgtype v0.0.0-20220627165707-4e284c38a4e2/go.mod h1:z3wGzmzkqrxSqhDgF3Tu3x0wUhetZlIeZdR7mv5ANfI=
